
Microsoft Visual Studio Solution File, Format Version 12.00
# Visual Studio Version 16
VisualStudioVersion = 16.0.31729.503
MinimumVisualStudioVersion = 10.0.40219.1
Project("{FAE04EC0-301F-11D3-BF4B-00C04F79EFBC}") = "Calculator", "Calculator\Calculator.csproj", "{D94E6812-7B53-4D30-9E88-E9FB8E6609C7}"
EndProject
Global
	GlobalSection(SolutionConfigurationPlatforms) = preSolution
		Debug|Any CPU = Debug|Any CPU
		Release|Any CPU = Release|Any CPU
	EndGlobalSection
	GlobalSection(ProjectConfigurationPlatforms) = postSolution
		{D94E6812-7B53-4D30-9E88-E9FB8E6609C7}.Debug|Any CPU.ActiveCfg = Debug|Any CPU
		{D94E6812-7B53-4D30-9E88-E9FB8E6609C7}.Debug|Any CPU.Build.0 = Debug|Any CPU
		{D94E6812-7B53-4D30-9E88-E9FB8E6609C7}.Release|Any CPU.ActiveCfg = Release|Any CPU
		{D94E6812-7B53-4D30-9E88-E9FB8E6609C7}.Release|Any CPU.Build.0 = Release|Any CPU
	EndGlobalSection
	GlobalSection(SolutionProperties) = preSolution
		HideSolutionNode = FALSE
	EndGlobalSection
	GlobalSection(ExtensibilityGlobals) = postSolution
		SolutionGuid = {285ACEEE-3742-40CD-B31D-4704D8436F90}
	EndGlobalSection
EndGlobal
